
Microsoft Visual Studio Solution File, Format Version 12.00
# Visual Studio 14
VisualStudioVersion = 14.0.24720.0
MinimumVisualStudioVersion = 10.0.40219.1
Project("{FAE04EC0-301F-11D3-BF4B-00C04F79EFBC}") = "TrialTask_Bees.Test", "BeesUnitTests\TrialTask_Bees.Test.csproj", "{C5D4D56B-53F6-4E27-B83D-F60858AB1233}"
EndProject
Project("{FAE04EC0-301F-11D3-BF4B-00C04F79EFBC}") = "TrialTask_Bees", "TrialTask_Bees\TrialTask_Bees.csproj", "{79CCA8F1-286D-47D5-A6E8-A23776534097}"
EndProject
Global
	GlobalSection(SolutionConfigurationPlatforms) = preSolution
		Debug|Any CPU = Debug|Any CPU
		Release|Any CPU = Release|Any CPU
	EndGlobalSection
	GlobalSection(ProjectConfigurationPlatforms) = postSolution
		{C5D4D56B-53F6-4E27-B83D-F60858AB1233}.Debug|Any CPU.ActiveCfg = Debug|Any CPU
		{C5D4D56B-53F6-4E27-B83D-F60858AB1233}.Debug|Any CPU.Build.0 = Debug|Any CPU
		{C5D4D56B-53F6-4E27-B83D-F60858AB1233}.Release|Any CPU.ActiveCfg = Release|Any CPU
		{C5D4D56B-53F6-4E27-B83D-F60858AB1233}.Release|Any CPU.Build.0 = Release|Any CPU
		{79CCA8F1-286D-47D5-A6E8-A23776534097}.Debug|Any CPU.ActiveCfg = Debug|Any CPU
		{79CCA8F1-286D-47D5-A6E8-A23776534097}.Debug|Any CPU.Build.0 = Debug|Any CPU
		{79CCA8F1-286D-47D5-A6E8-A23776534097}.Release|Any CPU.ActiveCfg = Release|Any CPU
		{79CCA8F1-286D-47D5-A6E8-A23776534097}.Release|Any CPU.Build.0 = Release|Any CPU
	EndGlobalSection
	GlobalSection(SolutionProperties) = preSolution
		HideSolutionNode = FALSE
	EndGlobalSection
EndGlobal
